
Microsoft Visual Studio Solution File, Format Version 12.00
# Visual Studio 15
VisualStudioVersion = 15.0.28307.572
MinimumVisualStudioVersion = 10.0.40219.1
Project("{FAE04EC0-301F-11D3-BF4B-00C04F79EFBC}") = "Programing.Dal", "Programing.Dal\Programing.Dal.csproj", "{B72E24E7-DAFD-4B7E-AADF-5DBDDA3502CD}"
EndProject
Project("{FAE04EC0-301F-11D3-BF4B-00C04F79EFBC}") = "ProgramingWebApi", "ProgramingWebApi\ProgramingWebApi.csproj", "{A7AFC073-8864-4F81-866F-5E2A54AB5B85}"
EndProject
Global
	GlobalSection(SolutionConfigurationPlatforms) = preSolution
		Debug|Any CPU = Debug|Any CPU
		Release|Any CPU = Release|Any CPU
	EndGlobalSection
	GlobalSection(ProjectConfigurationPlatforms) = postSolution
		{B72E24E7-DAFD-4B7E-AADF-5DBDDA3502CD}.Debug|Any CPU.ActiveCfg = Debug|Any CPU
		{B72E24E7-DAFD-4B7E-AADF-5DBDDA3502CD}.Debug|Any CPU.Build.0 = Debug|Any CPU
		{B72E24E7-DAFD-4B7E-AADF-5DBDDA3502CD}.Release|Any CPU.ActiveCfg = Release|Any CPU
		{B72E24E7-DAFD-4B7E-AADF-5DBDDA3502CD}.Release|Any CPU.Build.0 = Release|Any CPU
		{A7AFC073-8864-4F81-866F-5E2A54AB5B85}.Debug|Any CPU.ActiveCfg = Debug|Any CPU
		{A7AFC073-8864-4F81-866F-5E2A54AB5B85}.Debug|Any CPU.Build.0 = Debug|Any CPU
		{A7AFC073-8864-4F81-866F-5E2A54AB5B85}.Release|Any CPU.ActiveCfg = Release|Any CPU
		{A7AFC073-8864-4F81-866F-5E2A54AB5B85}.Release|Any CPU.Build.0 = Release|Any CPU
	EndGlobalSection
	GlobalSection(SolutionProperties) = preSolution
		HideSolutionNode = FALSE
	EndGlobalSection
	GlobalSection(ExtensibilityGlobals) = postSolution
		SolutionGuid = {98011B6A-F4DD-4E9A-80B6-453742FC113B}
	EndGlobalSection
EndGlobal
